// !$*UTF8*$!
{
	archiveVersion = 1;
	classes = {
	};
	objectVersion = 46;
	objects = {

/* Begin PBXBuildFile section */
		04EC8F9D1C8431CC001B794C /* main.m in Sources */ = {isa = PBXBuildFile; fileRef = 04EC8F9C1C8431CC001B794C /* main.m */; };
		04EC8FA01C8431CC001B794C /* AppDelegate.m in Sources */ = {isa = PBXBuildFile; fileRef = 04EC8F9F1C8431CC001B794C /* AppDelegate.m */; };
		04EC8FA31C8431CC001B794C /* ViewController.m in Sources */ = {isa = PBXBuildFile; fileRef = 04EC8FA21C8431CC001B794C /* ViewController.m */; };
		04EC8FA61C8431CC001B794C /* Main.storyboard in Resources */ = {isa = PBXBuildFile; fileRef = 04EC8FA41C8431CC001B794C /* Main.storyboard */; };
		04EC8FA81C8431CC001B794C /* Assets.xcassets in Resources */ = {isa = PBXBuildFile; fileRef = 04EC8FA71C8431CC001B794C /* Assets.xcassets */; };
		04EC8FAB1C8431CC001B794C /* LaunchScreen.storyboard in Resources */ = {isa = PBXBuildFile; fileRef = 04EC8FA91C8431CC001B794C /* LaunchScreen.storyboard */; };
		04EC8FB41C8437F7001B794C /* Test.m in Sources */ = {isa = PBXBuildFile; fileRef = 04EC8FB31C8437F7001B794C /* Test.m */; };
/* End PBXBuildFile section */

/* Begin PBXFileReference section */
		04EC8F981C8431CC001B794C /* GCDTest.app */ = {isa = PBXFileReference; explicitFileType = wrapper.application; includeInIndex = 0; path = GCDTest.app; sourceTree = BUILT_PRODUCTS_DIR; };
		04EC8F9C1C8431CC001B794C /* main.m */ = {isa = PBXFileReference; lastKnownFileType = sourcecode.c.objc; path = main.m; sourceTree = "<group>"; };
		04EC8F9E1C8431CC001B794C /* AppDelegate.h */ = {isa = PBXFileReference; lastKnownFileType = sourcecode.c.h; path = AppDelegate.h; sourceTree = "<group>"; };
		04EC8F9F1C8431CC001B794C /* AppDelegate.m */ = {isa = PBXFileReference; lastKnownFileType = sourcecode.c.objc; path = AppDelegate.m; sourceTree = "<group>"; };
		04EC8FA11C8431CC001B794C /* ViewController.h */ = {isa = PBXFileReference; lastKnownFileType = sourcecode.c.h; path = ViewController.h; sourceTree = "<group>"; };
		04EC8FA21C8431CC001B794C /* ViewController.m */ = {isa = PBXFileReference; lastKnownFileType = sourcecode.c.objc; path = ViewController.m; sourceTree = "<group>"; };
		04EC8FA51C8431CC001B794C /* Base */ = {isa = PBXFileReference; lastKnownFileType = file.storyboard; name = Base; path = Base.lproj/Main.storyboard; sourceTree = "<group>"; };
		04EC8FA71C8431CC001B794C /* Assets.xcassets */ = {isa = PBXFileReference; lastKnownFileType = folder.assetcatalog; path = Assets.xcassets; sourceTree = "<group>"; };
		04EC8FAA1C8431CC001B794C /* Base */ = {isa = PBXFileReference; lastKnownFileType = file.storyboard; name = Base; path = Base.lproj/LaunchScreen.storyboard; sourceTree = "<group>"; };
		04EC8FAC1C8431CC001B794C /* Info.plist */ = {isa = PBXFileReference; lastKnownFileType = text.plist.xml; path = Info.plist; sourceTree = "<group>"; };
		04EC8FB21C8437F7001B794C /* Test.h */ = {isa = PBXFileReference; fileEncoding = 4; lastKnownFileType = sourcecode.c.h; path = Test.h; sourceTree = "<group>"; };
		04EC8FB31C8437F7001B794C /* Test.m */ = {isa = PBXFileReference; fileEncoding = 4; lastKnownFileType = sourcecode.c.objc; path = Test.m; sourceTree = "<group>"; };
/* End PBXFileReference section */

/* Begin PBXFrameworksBuildPhase section */
		04EC8F951C8431CC001B794C /* Frameworks */ = {
			isa = PBXFrameworksBuildPhase;
			buildActionMask = 2147483647;
			files = (
			);
			runOnlyForDeploymentPostprocessing = 0;
		};
/* End PBXFrameworksBuildPhase section */

/* Begin PBXGroup section */
		04EC8F8F1C8431CC001B794C = {
			isa = PBXGroup;
			children = (
				04EC8F9A1C8431CC001B794C /* GCDTest */,
				04EC8F991C8431CC001B794C /* Products */,
			);
			sourceTree = "<group>";
		};
		04EC8F991C8431CC001B794C /* Products */ = {
			isa = PBXGroup;
			children = (
				04EC8F981C8431CC001B794C /* GCDTest.app */,
			);
			name = Products;
			sourceTree = "<group>";
		};
		04EC8F9A1C8431CC001B794C /* GCDTest */ = {
			isa = PBXGroup;
			children = (
				04EC8F9E1C8431CC001B794C /* AppDelegate.h */,
				04EC8F9F1C8431CC001B794C /* AppDelegate.m */,
				04EC8FA11C8431CC001B794C /* ViewController.h */,
				04EC8FA21C8431CC001B794C /* ViewController.m */,
				04EC8FA41C8431CC001B794C /* Main.storyboard */,
				04EC8FA71C8431CC001B794C /* Assets.xcassets */,
				04EC8FA91C8431CC001B794C /* LaunchScreen.storyboard */,
				04EC8FAC1C8431CC001B794C /* Info.plist */,
				04EC8F9B1C8431CC001B794C /* Supporting Files */,
				04EC8FB21C8437F7001B794C /* Test.h */,
				04EC8FB31C8437F7001B794C /* Test.m */,
			);
			path = GCDTest;
			sourceTree = "<group>";
		};
		04EC8F9B1C8431CC001B794C /* Supporting Files */ = {
			isa = PBXGroup;
			children = (
				04EC8F9C1C8431CC001B794C /* main.m */,
			);
			name = "Supporting Files";
			sourceTree = "<group>";
		};
/* End PBXGroup section */

/* Begin PBXNativeTarget section */
		04EC8F971C8431CC001B794C /* GCDTest */ = {
			isa = PBXNativeTarget;
			buildConfigurationList = 04EC8FAF1C8431CC001B794C /* Build configuration list for PBXNativeTarget "GCDTest" */;
			buildPhases = (
				04EC8F941C8431CC001B794C /* Sources */,
				04EC8F951C8431CC001B794C /* Frameworks */,
				04EC8F961C8431CC001B794C /* Resources */,
			);
			buildRules = (
			);
			dependencies = (
			);
			name = GCDTest;
			productName = GCDTest;
			productReference = 04EC8F981C8431CC001B794C /* GCDTest.app */;
			productType = "com.apple.product-type.application";
		};
/* End PBXNativeTarget section */

/* Begin PBXProject section */
		04EC8F901C8431CC001B794C /* Project object */ = {
			isa = PBXProject;
			attributes = {
				LastUpgradeCheck = 0720;
				ORGANIZATIONNAME = Seven;
				TargetAttributes = {
					04EC8F971C8431CC001B794C = {
						CreatedOnToolsVersion = 7.2;
					};
				};
			};
			buildConfigurationList = 04EC8F931C8431CC001B794C /* Build configuration list for PBXProject "GCDTest" */;
			compatibilityVersion = "Xcode 3.2";
			developmentRegion = English;
			hasScannedForEncodings = 0;
			knownRegions = (
				en,
				Base,
			);
			mainGroup = 04EC8F8F1C8431CC001B794C;
			productRefGroup = 04EC8F991C8431CC001B794C /* Products */;
			projectDirPath = "";
			projectRoot = "";
			targets = (
				04EC8F971C8431CC001B794C /* GCDTest */,
			);
		};
/* End PBXProject section */

/* Begin PBXResourcesBuildPhase section */
		04EC8F961C8431CC001B794C /* Resources */ = {
			isa = PBXResourcesBuildPhase;
			buildActionMask = 2147483647;
			files = (
				04EC8FAB1C8431CC001B794C /* LaunchScreen.storyboard in Resources */,
				04EC8FA81C8431CC001B794C /* Assets.xcassets in Resources */,
				04EC8FA61C8431CC001B794C /* Main.storyboard in Resources */,
			);
			runOnlyForDeploymentPostprocessing = 0;
		};
/* End PBXResourcesBuildPhase section */

/* Begin PBXSourcesBuildPhase section */
		04EC8F941C8431CC001B794C /* Sources */ = {
			isa = PBXSourcesBuildPhase;
			buildActionMask = 2147483647;
			files = (
				04EC8FA31C8431CC001B794C /* ViewController.m in Sources */,
				04EC8FB41C8437F7001B794C /* Test.m in Sources */,
				04EC8FA01C8431CC001B794C /* AppDelegate.m in Sources */,
				04EC8F9D1C8431CC001B794C /* main.m in Sources */,
			);
			runOnlyForDeploymentPostprocessing = 0;
		};
/* End PBXSourcesBuildPhase section */

/* Begin PBXVariantGroup section */
		04EC8FA41C8431CC001B794C /* Main.storyboard */ = {
			isa = PBXVariantGroup;
			children = (
				04EC8FA51C8431CC001B794C /* Base */,
			);
			name = Main.storyboard;
			sourceTree = "<group>";
		};
		04EC8FA91C8431CC001B794C /* LaunchScreen.storyboard */ = {
			isa = PBXVariantGroup;
			children = (
				04EC8FAA1C8431CC001B794C /* Base */,
			);
			name = LaunchScreen.storyboard;
			sourceTree = "<group>";
		};
/* End PBXVariantGroup section */

/* Begin XCBuildConfiguration section */
		04EC8FAD1C8431CC001B794C /* Debug */ = {
			isa = XCBuildConfiguration;
			buildSettings = {
				ALWAYS_SEARCH_USER_PATHS = NO;
				CLANG_CXX_LANGUAGE_STANDARD = "gnu++0x";
				CLANG_CXX_LIBRARY = "libc++";
				CLANG_ENABLE_MODULES = YES;
				CLANG_ENABLE_OBJC_ARC = YES;
				CLANG_WARN_BOOL_CONVERSION = YES;
				CLANG_WARN_CONSTANT_CONVERSION = YES;
				CLANG_WARN_DIRECT_OBJC_ISA_USAGE = YES_ERROR;
				CLANG_WARN_EMPTY_BODY = YES;
				CLANG_WARN_ENUM_CONVERSION = YES;
				CLANG_WARN_INT_CONVERSION = YES;
				CLANG_WARN_OBJC_ROOT_CLASS = YES_ERROR;
				CLANG_WARN_UNREACHABLE_CODE = YES;
				CLANG_WARN__DUPLICATE_METHOD_MATCH = YES;
				"CODE_SIGN_IDENTITY[sdk=iphoneos*]" = "iPhone Developer";
				COPY_PHASE_STRIP = NO;
				DEBUG_INFORMATION_FORMAT = dwarf;
				ENABLE_STRICT_OBJC_MSGSEND = YES;
				ENABLE_TESTABILITY = YES;
				GCC_C_LANGUAGE_STANDARD = gnu99;
				GCC_DYNAMIC_NO_PIC = NO;
				GCC_NO_COMMON_BLOCKS = YES;
				GCC_OPTIMIZATION_LEVEL = 0;
				GCC_PREPROCESSOR_DEFINITIONS = (
					"DEBUG=1",
					"$(inherited)",
				);
				GCC_WARN_64_TO_32_BIT_CONVERSION = YES;
				GCC_WARN_ABOUT_RETURN_TYPE = YES_ERROR;
				GCC_WARN_UNDECLARED_SELECTOR = YES;
				GCC_WARN_UNINITIALIZED_AUTOS = YES_AGGRESSIVE;
				GCC_WARN_UNUSED_FUNCTION = YES;
				GCC_WARN_UNUSED_VARIABLE = YES;
				IPHONEOS_DEPLOYMENT_TARGET = 9.2;
				MTL_ENABLE_DEBUG_INFO = YES;
				ONLY_ACTIVE_ARCH = YES;
				SDKROOT = iphoneos;
			};
			name = Debug;
		};
		04EC8FAE1C8431CC001B794C /* Release */ = {
			isa = XCBuildConfiguration;
			buildSettings = {
				ALWAYS_SEARCH_USER_PATHS = NO;
				CLANG_CXX_LANGUAGE_STANDARD = "gnu++0x";
				CLANG_CXX_LIBRARY = "libc++";
				CLANG_ENABLE_MODULES = YES;
				CLANG_ENABLE_OBJC_ARC = YES;
				CLANG_WARN_BOOL_CONVERSION = YES;
				CLANG_WARN_CONSTANT_CONVERSION = YES;
				CLANG_WARN_DIRECT_OBJC_ISA_USAGE = YES_ERROR;
				CLANG_WARN_EMPTY_BODY = YES;
				CLANG_WARN_ENUM_CONVERSION = YES;
				CLANG_WARN_INT_CONVERSION = YES;
				CLANG_WARN_OBJC_ROOT_CLASS = YES_ERROR;
				CLANG_WARN_UNREACHABLE_CODE = YES;
				CLANG_WARN__DUPLICATE_METHOD_MATCH = YES;
				"CODE_SIGN_IDENTITY[sdk=iphoneos*]" = "iPhone Developer";
				COPY_PHASE_STRIP = NO;
				DEBUG_INFORMATION_FORMAT = "dwarf-with-dsym";
				ENABLE_NS_ASSERTIONS = NO;
				ENABLE_STRICT_OBJC_MSGSEND = YES;
				GCC_C_LANGUAGE_STANDARD = gnu99;
				GCC_NO_COMMON_BLOCKS = YES;
				GCC_WARN_64_TO_32_BIT_CONVERSION = YES;
				GCC_WARN_ABOUT_RETURN_TYPE = YES_ERROR;
				GCC_WARN_UNDECLARED_SELECTOR = YES;
				GCC_WARN_UNINITIALIZED_AUTOS = YES_AGGRESSIVE;
				GCC_WARN_UNUSED_FUNCTION = YES;
				GCC_WARN_UNUSED_VARIABLE = YES;
				IPHONEOS_DEPLOYMENT_TARGET = 9.2;
				MTL_ENABLE_DEBUG_INFO = NO;
				SDKROOT = iphoneos;
				VALIDATE_PRODUCT = YES;
			};
			name = Release;
		};
		04EC8FB01C8431CC001B794C /* Debug */ = {
			isa = XCBuildConfiguration;
			buildSettings = {
				ASSETCATALOG_COMPILER_APPICON_NAME = AppIcon;
				CLANG_ENABLE_OBJC_ARC = NO;
				INFOPLIST_FILE = GCDTest/Info.plist;
				LD_RUNPATH_SEARCH_PATHS = "$(inherited) @executable_path/Frameworks";
				PRODUCT_BUNDLE_IDENTIFIER = com.Seven.GCDTest;
				PRODUCT_NAME = "$(TARGET_NAME)";
			};
			name = Debug;
		};
		04EC8FB11C8431CC001B794C /* Release */ = {
			isa = XCBuildConfiguration;
			buildSettings = {
				ASSETCATALOG_COMPILER_APPICON_NAME = AppIcon;
				CLANG_ENABLE_OBJC_ARC = NO;
				INFOPLIST_FILE = GCDTest/Info.plist;
				LD_RUNPATH_SEARCH_PATHS = "$(inherited) @executable_path/Frameworks";
				PRODUCT_BUNDLE_IDENTIFIER = com.Seven.GCDTest;
				PRODUCT_NAME = "$(TARGET_NAME)";
			};
			name = Release;
		};
/* End XCBuildConfiguration section */

/* Begin XCConfigurationList section */
		04EC8F931C8431CC001B794C /* Build configuration list for PBXProject "GCDTest" */ = {
			isa = XCConfigurationList;
			buildConfigurations = (
				04EC8FAD1C8431CC001B794C /* Debug */,
				04EC8FAE1C8431CC001B794C /* Release */,
			);
			defaultConfigurationIsVisible = 0;
			defaultConfigurationName = Release;
		};
		04EC8FAF1C8431CC001B794C /* Build configuration list for PBXNativeTarget "GCDTest" */ = {
			isa = XCConfigurationList;
			buildConfigurations = (
				04EC8FB01C8431CC001B794C /* Debug */,
				04EC8FB11C8431CC001B794C /* Release */,
			);
			defaultConfigurationIsVisible = 0;
		};
/* End XCConfigurationList section */
	};
	rootObject = 04EC8F901C8431CC001B794C /* Project object */;
}
